
Microsoft Visual Studio Solution File, Format Version 12.00
# Visual Studio 14
VisualStudioVersion = 14.0.25420.1
MinimumVisualStudioVersion = 10.0.40219.1
Project("{FAE04EC0-301F-11D3-BF4B-00C04F79EFBC}") = "Ej1", "Ej1\Ej1.csproj", "{5B190D8C-2217-405A-A274-F678462A2C7E}"
EndProject
Project("{FAE04EC0-301F-11D3-BF4B-00C04F79EFBC}") = "EJ2", "TP2\EJ2.csproj", "{7DBC52F0-292D-45A3-84BF-E043E8421226}"
EndProject
Project("{FAE04EC0-301F-11D3-BF4B-00C04F79EFBC}") = "EJ3", "EJ3\EJ3.csproj", "{AA2DBCC8-56A7-426C-9EE3-CC42852FA4F2}"
EndProject
Project("{FAE04EC0-301F-11D3-BF4B-00C04F79EFBC}") = "Ej4", "Ej4\Ej4.csproj", "{841CC5D6-CE62-43EA-AB2E-0BCED0123BB4}"
EndProject
Project("{FAE04EC0-301F-11D3-BF4B-00C04F79EFBC}") = "EJ5", "EJ5\EJ5.csproj", "{8C448B94-68C8-4589-B335-AED576FABC64}"
EndProject
Project("{FAE04EC0-301F-11D3-BF4B-00C04F79EFBC}") = "Ej6", "TP6\Ej6.csproj", "{3262E17A-1E80-470C-89CD-DA30A0A1547E}"
EndProject
Project("{FAE04EC0-301F-11D3-BF4B-00C04F79EFBC}") = "Ej7", "Ej7\Ej7.csproj", "{C5C8AF1B-599F-4C11-BB75-DBAB49DBC8FF}"
EndProject
Project("{FAE04EC0-301F-11D3-BF4B-00C04F79EFBC}") = "Ej8", "Ej8\Ej8.csproj", "{A869B987-FCAB-4043-934B-3C6B3049D8E4}"
EndProject
Project("{FAE04EC0-301F-11D3-BF4B-00C04F79EFBC}") = "Ej9", "Ej9\Ej9.csproj", "{1F71786C-632A-424C-A76C-E3EDA09D9904}"
EndProject
Project("{FAE04EC0-301F-11D3-BF4B-00C04F79EFBC}") = "EJ10", "EJ10\EJ10.csproj", "{889AAA76-5D37-4B16-8ACA-D74057498D5F}"
EndProject
Project("{FAE04EC0-301F-11D3-BF4B-00C04F79EFBC}") = "EJ11", "TP11\EJ11.csproj", "{032753C1-66E0-446C-A368-D764524FD435}"
EndProject
Project("{FAE04EC0-301F-11D3-BF4B-00C04F79EFBC}") = "EJ12", "EJ12\EJ12.csproj", "{A24D518E-5123-47FA-BF92-007FD4091FA7}"
EndProject
Project("{FAE04EC0-301F-11D3-BF4B-00C04F79EFBC}") = "EJ13", "EJ13\EJ13.csproj", "{60095258-7E3D-4910-93B7-1C59BB3CD21D}"
EndProject
Project("{FAE04EC0-301F-11D3-BF4B-00C04F79EFBC}") = "EJ14", "EJ14\EJ14.csproj", "{15E85EC9-F000-421A-A3C7-51DB3CCC3DDC}"
EndProject
Project("{FAE04EC0-301F-11D3-BF4B-00C04F79EFBC}") = "EJ15", "EJ15\EJ15.csproj", "{78984549-3E38-4D93-95B5-03C35E3714FA}"
EndProject
Project("{FAE04EC0-301F-11D3-BF4B-00C04F79EFBC}") = "EJ16", "EJ16\EJ16.csproj", "{261FD7B6-A784-4B4B-AC3E-185A30A79C2E}"
EndProject
Project("{FAE04EC0-301F-11D3-BF4B-00C04F79EFBC}") = "EJ13-1", "EJ13-1\EJ13-1.csproj", "{3CE3DC47-577E-4FC9-B65D-56C6E29C862F}"
EndProject
Global
	GlobalSection(SolutionConfigurationPlatforms) = preSolution
		Debug|Any CPU = Debug|Any CPU
		Release|Any CPU = Release|Any CPU
	EndGlobalSection
	GlobalSection(ProjectConfigurationPlatforms) = postSolution
		{5B190D8C-2217-405A-A274-F678462A2C7E}.Debug|Any CPU.ActiveCfg = Debug|Any CPU
		{5B190D8C-2217-405A-A274-F678462A2C7E}.Debug|Any CPU.Build.0 = Debug|Any CPU
		{5B190D8C-2217-405A-A274-F678462A2C7E}.Release|Any CPU.ActiveCfg = Release|Any CPU
		{5B190D8C-2217-405A-A274-F678462A2C7E}.Release|Any CPU.Build.0 = Release|Any CPU
		{7DBC52F0-292D-45A3-84BF-E043E8421226}.Debug|Any CPU.ActiveCfg = Debug|Any CPU
		{7DBC52F0-292D-45A3-84BF-E043E8421226}.Debug|Any CPU.Build.0 = Debug|Any CPU
		{7DBC52F0-292D-45A3-84BF-E043E8421226}.Release|Any CPU.ActiveCfg = Release|Any CPU
		{7DBC52F0-292D-45A3-84BF-E043E8421226}.Release|Any CPU.Build.0 = Release|Any CPU
		{AA2DBCC8-56A7-426C-9EE3-CC42852FA4F2}.Debug|Any CPU.ActiveCfg = Debug|Any CPU
		{AA2DBCC8-56A7-426C-9EE3-CC42852FA4F2}.Debug|Any CPU.Build.0 = Debug|Any CPU
		{AA2DBCC8-56A7-426C-9EE3-CC42852FA4F2}.Release|Any CPU.ActiveCfg = Release|Any CPU
		{AA2DBCC8-56A7-426C-9EE3-CC42852FA4F2}.Release|Any CPU.Build.0 = Release|Any CPU
		{841CC5D6-CE62-43EA-AB2E-0BCED0123BB4}.Debug|Any CPU.ActiveCfg = Debug|Any CPU
		{841CC5D6-CE62-43EA-AB2E-0BCED0123BB4}.Debug|Any CPU.Build.0 = Debug|Any CPU
		{841CC5D6-CE62-43EA-AB2E-0BCED0123BB4}.Release|Any CPU.ActiveCfg = Release|Any CPU
		{841CC5D6-CE62-43EA-AB2E-0BCED0123BB4}.Release|Any CPU.Build.0 = Release|Any CPU
		{8C448B94-68C8-4589-B335-AED576FABC64}.Debug|Any CPU.ActiveCfg = Debug|Any CPU
		{8C448B94-68C8-4589-B335-AED576FABC64}.Debug|Any CPU.Build.0 = Debug|Any CPU
		{8C448B94-68C8-4589-B335-AED576FABC64}.Release|Any CPU.ActiveCfg = Release|Any CPU
		{8C448B94-68C8-4589-B335-AED576FABC64}.Release|Any CPU.Build.0 = Release|Any CPU
		{3262E17A-1E80-470C-89CD-DA30A0A1547E}.Debug|Any CPU.ActiveCfg = Debug|Any CPU
		{3262E17A-1E80-470C-89CD-DA30A0A1547E}.Debug|Any CPU.Build.0 = Debug|Any CPU
		{3262E17A-1E80-470C-89CD-DA30A0A1547E}.Release|Any CPU.ActiveCfg = Release|Any CPU
		{3262E17A-1E80-470C-89CD-DA30A0A1547E}.Release|Any CPU.Build.0 = Release|Any CPU
		{C5C8AF1B-599F-4C11-BB75-DBAB49DBC8FF}.Debug|Any CPU.ActiveCfg = Debug|Any CPU
		{C5C8AF1B-599F-4C11-BB75-DBAB49DBC8FF}.Debug|Any CPU.Build.0 = Debug|Any CPU
		{C5C8AF1B-599F-4C11-BB75-DBAB49DBC8FF}.Release|Any CPU.ActiveCfg = Release|Any CPU
		{C5C8AF1B-599F-4C11-BB75-DBAB49DBC8FF}.Release|Any CPU.Build.0 = Release|Any CPU
		{A869B987-FCAB-4043-934B-3C6B3049D8E4}.Debug|Any CPU.ActiveCfg = Debug|Any CPU
		{A869B987-FCAB-4043-934B-3C6B3049D8E4}.Debug|Any CPU.Build.0 = Debug|Any CPU
		{A869B987-FCAB-4043-934B-3C6B3049D8E4}.Release|Any CPU.ActiveCfg = Release|Any CPU
		{A869B987-FCAB-4043-934B-3C6B3049D8E4}.Release|Any CPU.Build.0 = Release|Any CPU
		{1F71786C-632A-424C-A76C-E3EDA09D9904}.Debug|Any CPU.ActiveCfg = Debug|Any CPU
		{1F71786C-632A-424C-A76C-E3EDA09D9904}.Debug|Any CPU.Build.0 = Debug|Any CPU
		{1F71786C-632A-424C-A76C-E3EDA09D9904}.Release|Any CPU.ActiveCfg = Release|Any CPU
		{1F71786C-632A-424C-A76C-E3EDA09D9904}.Release|Any CPU.Build.0 = Release|Any CPU
		{889AAA76-5D37-4B16-8ACA-D74057498D5F}.Debug|Any CPU.ActiveCfg = Debug|Any CPU
		{889AAA76-5D37-4B16-8ACA-D74057498D5F}.Debug|Any CPU.Build.0 = Debug|Any CPU
		{889AAA76-5D37-4B16-8ACA-D74057498D5F}.Release|Any CPU.ActiveCfg = Release|Any CPU
		{889AAA76-5D37-4B16-8ACA-D74057498D5F}.Release|Any CPU.Build.0 = Release|Any CPU
		{032753C1-66E0-446C-A368-D764524FD435}.Debug|Any CPU.ActiveCfg = Debug|Any CPU
		{032753C1-66E0-446C-A368-D764524FD435}.Debug|Any CPU.Build.0 = Debug|Any CPU
		{032753C1-66E0-446C-A368-D764524FD435}.Release|Any CPU.ActiveCfg = Release|Any CPU
		{032753C1-66E0-446C-A368-D764524FD435}.Release|Any CPU.Build.0 = Release|Any CPU
		{A24D518E-5123-47FA-BF92-007FD4091FA7}.Debug|Any CPU.ActiveCfg = Debug|Any CPU
		{A24D518E-5123-47FA-BF92-007FD4091FA7}.Debug|Any CPU.Build.0 = Debug|Any CPU
		{A24D518E-5123-47FA-BF92-007FD4091FA7}.Release|Any CPU.ActiveCfg = Release|Any CPU
		{A24D518E-5123-47FA-BF92-007FD4091FA7}.Release|Any CPU.Build.0 = Release|Any CPU
		{60095258-7E3D-4910-93B7-1C59BB3CD21D}.Debug|Any CPU.ActiveCfg = Debug|Any CPU
		{60095258-7E3D-4910-93B7-1C59BB3CD21D}.Debug|Any CPU.Build.0 = Debug|Any CPU
		{60095258-7E3D-4910-93B7-1C59BB3CD21D}.Release|Any CPU.ActiveCfg = Release|Any CPU
		{60095258-7E3D-4910-93B7-1C59BB3CD21D}.Release|Any CPU.Build.0 = Release|Any CPU
		{15E85EC9-F000-421A-A3C7-51DB3CCC3DDC}.Debug|Any CPU.ActiveCfg = Debug|Any CPU
		{15E85EC9-F000-421A-A3C7-51DB3CCC3DDC}.Debug|Any CPU.Build.0 = Debug|Any CPU
		{15E85EC9-F000-421A-A3C7-51DB3CCC3DDC}.Release|Any CPU.ActiveCfg = Release|Any CPU
		{15E85EC9-F000-421A-A3C7-51DB3CCC3DDC}.Release|Any CPU.Build.0 = Release|Any CPU
		{78984549-3E38-4D93-95B5-03C35E3714FA}.Debug|Any CPU.ActiveCfg = Debug|Any CPU
		{78984549-3E38-4D93-95B5-03C35E3714FA}.Debug|Any CPU.Build.0 = Debug|Any CPU
		{78984549-3E38-4D93-95B5-03C35E3714FA}.Release|Any CPU.ActiveCfg = Release|Any CPU
		{78984549-3E38-4D93-95B5-03C35E3714FA}.Release|Any CPU.Build.0 = Release|Any CPU
		{261FD7B6-A784-4B4B-AC3E-185A30A79C2E}.Debug|Any CPU.ActiveCfg = Debug|Any CPU
		{261FD7B6-A784-4B4B-AC3E-185A30A79C2E}.Debug|Any CPU.Build.0 = Debug|Any CPU
		{261FD7B6-A784-4B4B-AC3E-185A30A79C2E}.Release|Any CPU.ActiveCfg = Release|Any CPU
		{261FD7B6-A784-4B4B-AC3E-185A30A79C2E}.Release|Any CPU.Build.0 = Release|Any CPU
		{3CE3DC47-577E-4FC9-B65D-56C6E29C862F}.Debug|Any CPU.ActiveCfg = Debug|Any CPU
		{3CE3DC47-577E-4FC9-B65D-56C6E29C862F}.Debug|Any CPU.Build.0 = Debug|Any CPU
		{3CE3DC47-577E-4FC9-B65D-56C6E29C862F}.Release|Any CPU.ActiveCfg = Release|Any CPU
		{3CE3DC47-577E-4FC9-B65D-56C6E29C862F}.Release|Any CPU.Build.0 = Release|Any CPU
	EndGlobalSection
	GlobalSection(SolutionProperties) = preSolution
		HideSolutionNode = FALSE
	EndGlobalSection
EndGlobal
